
Microsoft Visual Studio Solution File, Format Version 12.00
# Visual Studio 15
Project("{FAE04EC0-301F-11D3-BF4B-00C04F79EFBC}") = "AppTest.Android", "AppTest.Android\AppTest.Android.csproj", "{7E036D63-A31A-4BC8-AF68-8D7146D855AF}"
EndProject
Project("{FAE04EC0-301F-11D3-BF4B-00C04F79EFBC}") = "AppTest.iOS", "AppTest.iOS\AppTest.iOS.csproj", "{A10DF36A-A56E-4971-87F9-C0C5A9FB3DD3}"
EndProject
Project("{FAE04EC0-301F-11D3-BF4B-00C04F79EFBC}") = "AppTest.UITests", "AppTest.UITests\AppTest.UITests.csproj", "{D5004AE6-42B3-4B33-9E5B-FC6765EDB94D}"
EndProject
Project("{FAE04EC0-301F-11D3-BF4B-00C04F79EFBC}") = "AppTest", "AppTest\AppTest.csproj", "{821CFB52-15BA-4AF0-A600-7DB31016DCC0}"
EndProject
Global
	GlobalSection(SolutionConfigurationPlatforms) = preSolution
		Debug|Any CPU = Debug|Any CPU
		Release|Any CPU = Release|Any CPU
		Debug|iPhoneSimulator = Debug|iPhoneSimulator
		Release|iPhoneSimulator = Release|iPhoneSimulator
		Debug|iPhone = Debug|iPhone
		Release|iPhone = Release|iPhone
	EndGlobalSection
	GlobalSection(ProjectConfigurationPlatforms) = postSolution
		{7E036D63-A31A-4BC8-AF68-8D7146D855AF}.Debug|Any CPU.ActiveCfg = Debug|Any CPU
		{7E036D63-A31A-4BC8-AF68-8D7146D855AF}.Debug|Any CPU.Build.0 = Debug|Any CPU
		{7E036D63-A31A-4BC8-AF68-8D7146D855AF}.Release|Any CPU.ActiveCfg = Release|Any CPU
		{7E036D63-A31A-4BC8-AF68-8D7146D855AF}.Release|Any CPU.Build.0 = Release|Any CPU
		{7E036D63-A31A-4BC8-AF68-8D7146D855AF}.Debug|iPhoneSimulator.ActiveCfg = Debug|Any CPU
		{7E036D63-A31A-4BC8-AF68-8D7146D855AF}.Debug|iPhoneSimulator.Build.0 = Debug|Any CPU
		{7E036D63-A31A-4BC8-AF68-8D7146D855AF}.Release|iPhoneSimulator.ActiveCfg = Release|Any CPU
		{7E036D63-A31A-4BC8-AF68-8D7146D855AF}.Release|iPhoneSimulator.Build.0 = Release|Any CPU
		{7E036D63-A31A-4BC8-AF68-8D7146D855AF}.Debug|iPhone.ActiveCfg = Debug|Any CPU
		{7E036D63-A31A-4BC8-AF68-8D7146D855AF}.Debug|iPhone.Build.0 = Debug|Any CPU
		{7E036D63-A31A-4BC8-AF68-8D7146D855AF}.Release|iPhone.ActiveCfg = Release|Any CPU
		{7E036D63-A31A-4BC8-AF68-8D7146D855AF}.Release|iPhone.Build.0 = Release|Any CPU
		{A10DF36A-A56E-4971-87F9-C0C5A9FB3DD3}.Debug|Any CPU.ActiveCfg = Debug|iPhoneSimulator
		{A10DF36A-A56E-4971-87F9-C0C5A9FB3DD3}.Debug|Any CPU.Build.0 = Debug|iPhoneSimulator
		{A10DF36A-A56E-4971-87F9-C0C5A9FB3DD3}.Release|Any CPU.ActiveCfg = Release|iPhoneSimulator
		{A10DF36A-A56E-4971-87F9-C0C5A9FB3DD3}.Release|Any CPU.Build.0 = Release|iPhoneSimulator
		{A10DF36A-A56E-4971-87F9-C0C5A9FB3DD3}.Debug|iPhoneSimulator.ActiveCfg = Debug|iPhoneSimulator
		{A10DF36A-A56E-4971-87F9-C0C5A9FB3DD3}.Debug|iPhoneSimulator.Build.0 = Debug|iPhoneSimulator
		{A10DF36A-A56E-4971-87F9-C0C5A9FB3DD3}.Release|iPhoneSimulator.ActiveCfg = Release|iPhoneSimulator
		{A10DF36A-A56E-4971-87F9-C0C5A9FB3DD3}.Release|iPhoneSimulator.Build.0 = Release|iPhoneSimulator
		{A10DF36A-A56E-4971-87F9-C0C5A9FB3DD3}.Debug|iPhone.ActiveCfg = Debug|iPhone
		{A10DF36A-A56E-4971-87F9-C0C5A9FB3DD3}.Debug|iPhone.Build.0 = Debug|iPhone
		{A10DF36A-A56E-4971-87F9-C0C5A9FB3DD3}.Release|iPhone.ActiveCfg = Release|iPhone
		{A10DF36A-A56E-4971-87F9-C0C5A9FB3DD3}.Release|iPhone.Build.0 = Release|iPhone
		{D5004AE6-42B3-4B33-9E5B-FC6765EDB94D}.Debug|Any CPU.ActiveCfg = Debug|Any CPU
		{D5004AE6-42B3-4B33-9E5B-FC6765EDB94D}.Debug|Any CPU.Build.0 = Debug|Any CPU
		{D5004AE6-42B3-4B33-9E5B-FC6765EDB94D}.Release|Any CPU.ActiveCfg = Release|Any CPU
		{D5004AE6-42B3-4B33-9E5B-FC6765EDB94D}.Release|Any CPU.Build.0 = Release|Any CPU
		{D5004AE6-42B3-4B33-9E5B-FC6765EDB94D}.Debug|iPhoneSimulator.ActiveCfg = Debug|Any CPU
		{D5004AE6-42B3-4B33-9E5B-FC6765EDB94D}.Debug|iPhoneSimulator.Build.0 = Debug|Any CPU
		{D5004AE6-42B3-4B33-9E5B-FC6765EDB94D}.Release|iPhoneSimulator.ActiveCfg = Release|Any CPU
		{D5004AE6-42B3-4B33-9E5B-FC6765EDB94D}.Release|iPhoneSimulator.Build.0 = Release|Any CPU
		{D5004AE6-42B3-4B33-9E5B-FC6765EDB94D}.Debug|iPhone.ActiveCfg = Debug|Any CPU
		{D5004AE6-42B3-4B33-9E5B-FC6765EDB94D}.Debug|iPhone.Build.0 = Debug|Any CPU
		{D5004AE6-42B3-4B33-9E5B-FC6765EDB94D}.Release|iPhone.ActiveCfg = Release|Any CPU
		{D5004AE6-42B3-4B33-9E5B-FC6765EDB94D}.Release|iPhone.Build.0 = Release|Any CPU
		{821CFB52-15BA-4AF0-A600-7DB31016DCC0}.Debug|Any CPU.ActiveCfg = Debug|Any CPU
		{821CFB52-15BA-4AF0-A600-7DB31016DCC0}.Debug|Any CPU.Build.0 = Debug|Any CPU
		{821CFB52-15BA-4AF0-A600-7DB31016DCC0}.Release|Any CPU.ActiveCfg = Release|Any CPU
		{821CFB52-15BA-4AF0-A600-7DB31016DCC0}.Release|Any CPU.Build.0 = Release|Any CPU
		{821CFB52-15BA-4AF0-A600-7DB31016DCC0}.Debug|iPhoneSimulator.ActiveCfg = Debug|Any CPU
		{821CFB52-15BA-4AF0-A600-7DB31016DCC0}.Debug|iPhoneSimulator.Build.0 = Debug|Any CPU
		{821CFB52-15BA-4AF0-A600-7DB31016DCC0}.Release|iPhoneSimulator.ActiveCfg = Release|Any CPU
		{821CFB52-15BA-4AF0-A600-7DB31016DCC0}.Release|iPhoneSimulator.Build.0 = Release|Any CPU
		{821CFB52-15BA-4AF0-A600-7DB31016DCC0}.Debug|iPhone.ActiveCfg = Debug|Any CPU
		{821CFB52-15BA-4AF0-A600-7DB31016DCC0}.Debug|iPhone.Build.0 = Debug|Any CPU
		{821CFB52-15BA-4AF0-A600-7DB31016DCC0}.Release|iPhone.ActiveCfg = Release|Any CPU
		{821CFB52-15BA-4AF0-A600-7DB31016DCC0}.Release|iPhone.Build.0 = Release|Any CPU
	EndGlobalSection
EndGlobal
